
Microsoft Visual Studio Solution File, Format Version 12.00
# Visual Studio Version 16
VisualStudioVersion = 16.0.31321.278
MinimumVisualStudioVersion = 10.0.40219.1
Project("{FAE04EC0-301F-11D3-BF4B-00C04F79EFBC}") = "Project1", "Project1\Project1.csproj", "{ACACF972-EF2B-4858-B77E-8D387504C2A3}"
EndProject
Global
	GlobalSection(SolutionConfigurationPlatforms) = preSolution
		Debug|Any CPU = Debug|Any CPU
		Release|Any CPU = Release|Any CPU
	EndGlobalSection
	GlobalSection(ProjectConfigurationPlatforms) = postSolution
		{ACACF972-EF2B-4858-B77E-8D387504C2A3}.Debug|Any CPU.ActiveCfg = Debug|Any CPU
		{ACACF972-EF2B-4858-B77E-8D387504C2A3}.Debug|Any CPU.Build.0 = Debug|Any CPU
		{ACACF972-EF2B-4858-B77E-8D387504C2A3}.Release|Any CPU.ActiveCfg = Release|Any CPU
		{ACACF972-EF2B-4858-B77E-8D387504C2A3}.Release|Any CPU.Build.0 = Release|Any CPU
	EndGlobalSection
	GlobalSection(SolutionProperties) = preSolution
		HideSolutionNode = FALSE
	EndGlobalSection
	GlobalSection(ExtensibilityGlobals) = postSolution
		SolutionGuid = {8D338BBF-70EA-4AE7-ACF0-09BC3157DF41}
	EndGlobalSection
EndGlobal
